
Microsoft Visual Studio Solution File, Format Version 12.00
# Visual Studio Version 17
VisualStudioVersion = 17.4.33103.184
MinimumVisualStudioVersion = 10.0.40219.1
Project("{FAE04EC0-301F-11D3-BF4B-00C04F79EFBC}") = "Dayplanner", "Dayplanner\Dayplanner.csproj", "{146F5C4C-8775-472B-BDAC-7CF4FF4F5A6B}"
EndProject
Global
	GlobalSection(SolutionConfigurationPlatforms) = preSolution
		Debug|Any CPU = Debug|Any CPU
		Release|Any CPU = Release|Any CPU
	EndGlobalSection
	GlobalSection(ProjectConfigurationPlatforms) = postSolution
		{146F5C4C-8775-472B-BDAC-7CF4FF4F5A6B}.Debug|Any CPU.ActiveCfg = Debug|Any CPU
		{146F5C4C-8775-472B-BDAC-7CF4FF4F5A6B}.Debug|Any CPU.Build.0 = Debug|Any CPU
		{146F5C4C-8775-472B-BDAC-7CF4FF4F5A6B}.Release|Any CPU.ActiveCfg = Release|Any CPU
		{146F5C4C-8775-472B-BDAC-7CF4FF4F5A6B}.Release|Any CPU.Build.0 = Release|Any CPU
	EndGlobalSection
	GlobalSection(SolutionProperties) = preSolution
		HideSolutionNode = FALSE
	EndGlobalSection
	GlobalSection(ExtensibilityGlobals) = postSolution
		SolutionGuid = {740E9FF2-381C-41D5-A68A-24C68FD26544}
	EndGlobalSection
EndGlobal
